
Microsoft Visual Studio Solution File, Format Version 12.00
# Visual Studio Version 16
VisualStudioVersion = 16.0.31105.61
MinimumVisualStudioVersion = 10.0.40219.1
Project("{FAE04EC0-301F-11D3-BF4B-00C04F79EFBC}") = "OliWorkshop.Deriv", "OliWorkshop.Deriv\OliWorkshop.Deriv.csproj", "{A6BB0C5B-CCBB-4DC2-B9B1-36459BFEA95A}"
EndProject
Project("{FAE04EC0-301F-11D3-BF4B-00C04F79EFBC}") = "OliWorkshop.Deriv.Tests", "OliWorkshop.Deriv.Tests\OliWorkshop.Deriv.Tests.csproj", "{A7A461CA-3B37-4BC4-A3FB-599F74411585}"
EndProject
Global
	GlobalSection(SolutionConfigurationPlatforms) = preSolution
		Debug|Any CPU = Debug|Any CPU
		Release|Any CPU = Release|Any CPU
	EndGlobalSection
	GlobalSection(ProjectConfigurationPlatforms) = postSolution
		{A6BB0C5B-CCBB-4DC2-B9B1-36459BFEA95A}.Debug|Any CPU.ActiveCfg = Debug|Any CPU
		{A6BB0C5B-CCBB-4DC2-B9B1-36459BFEA95A}.Debug|Any CPU.Build.0 = Debug|Any CPU
		{A6BB0C5B-CCBB-4DC2-B9B1-36459BFEA95A}.Release|Any CPU.ActiveCfg = Release|Any CPU
		{A6BB0C5B-CCBB-4DC2-B9B1-36459BFEA95A}.Release|Any CPU.Build.0 = Release|Any CPU
		{A7A461CA-3B37-4BC4-A3FB-599F74411585}.Debug|Any CPU.ActiveCfg = Debug|Any CPU
		{A7A461CA-3B37-4BC4-A3FB-599F74411585}.Debug|Any CPU.Build.0 = Debug|Any CPU
		{A7A461CA-3B37-4BC4-A3FB-599F74411585}.Release|Any CPU.ActiveCfg = Release|Any CPU
		{A7A461CA-3B37-4BC4-A3FB-599F74411585}.Release|Any CPU.Build.0 = Release|Any CPU
	EndGlobalSection
	GlobalSection(SolutionProperties) = preSolution
		HideSolutionNode = FALSE
	EndGlobalSection
	GlobalSection(ExtensibilityGlobals) = postSolution
		SolutionGuid = {1872D4B4-19E2-4647-A4DA-F4CA80EE5D0F}
	EndGlobalSection
EndGlobal
